
Microsoft Visual Studio Solution File, Format Version 12.00
# Visual Studio Version 17
VisualStudioVersion = 17.11.35219.272
MinimumVisualStudioVersion = 10.0.40219.1
Project("{FAE04EC0-301F-11D3-BF4B-00C04F79EFBC}") = "QuestControl", "QuestControl.csproj", "{B4BC3E4A-2CB9-4237-BDB7-C25564E7F126}"
EndProject
Global
	GlobalSection(SolutionConfigurationPlatforms) = preSolution
		Debug|Any CPU = Debug|Any CPU
		Release|Any CPU = Release|Any CPU
	EndGlobalSection
	GlobalSection(ProjectConfigurationPlatforms) = postSolution
		{B4BC3E4A-2CB9-4237-BDB7-C25564E7F126}.Debug|Any CPU.ActiveCfg = Debug|Any CPU
		{B4BC3E4A-2CB9-4237-BDB7-C25564E7F126}.Debug|Any CPU.Build.0 = Debug|Any CPU
		{B4BC3E4A-2CB9-4237-BDB7-C25564E7F126}.Release|Any CPU.ActiveCfg = Release|Any CPU
		{B4BC3E4A-2CB9-4237-BDB7-C25564E7F126}.Release|Any CPU.Build.0 = Release|Any CPU
	EndGlobalSection
	GlobalSection(SolutionProperties) = preSolution
		HideSolutionNode = FALSE
	EndGlobalSection
	GlobalSection(ExtensibilityGlobals) = postSolution
		SolutionGuid = {11BCC278-4BE8-413A-B930-3B6A07D5854F}
	EndGlobalSection
EndGlobal
